// !$*UTF8*$!
{
	archiveVersion = 1;
	classes = {
	};
	objectVersion = 50;
	objects = {

/* Begin PBXBuildFile section */
		5A064B9E264C253E00B172BC /* AppDelegate.swift in Sources */ = {isa = PBXBuildFile; fileRef = 5A064B9D264C253E00B172BC /* AppDelegate.swift */; };
		5A064BA0264C253E00B172BC /* SceneDelegate.swift in Sources */ = {isa = PBXBuildFile; fileRef = 5A064B9F264C253E00B172BC /* SceneDelegate.swift */; };
		5A064BA2264C253E00B172BC /* ViewController.swift in Sources */ = {isa = PBXBuildFile; fileRef = 5A064BA1264C253E00B172BC /* ViewController.swift */; };
		5A064BA5264C253E00B172BC /* Main.storyboard in Resources */ = {isa = PBXBuildFile; fileRef = 5A064BA3264C253E00B172BC /* Main.storyboard */; };
		5A064BA7264C254100B172BC /* Assets.xcassets in Resources */ = {isa = PBXBuildFile; fileRef = 5A064BA6264C254100B172BC /* Assets.xcassets */; };
		5A064BAA264C254100B172BC /* LaunchScreen.storyboard in Resources */ = {isa = PBXBuildFile; fileRef = 5A064BA8264C254100B172BC /* LaunchScreen.storyboard */; };
		5A064BB5264C254200B172BC /* WordListTests.swift in Sources */ = {isa = PBXBuildFile; fileRef = 5A064BB4264C254200B172BC /* WordListTests.swift */; };
		5A064BC0264C254200B172BC /* WordListUITests.swift in Sources */ = {isa = PBXBuildFile; fileRef = 5A064BBF264C254200B172BC /* WordListUITests.swift */; };
		5A064BD1264C256300B172BC /* word_blank.png in Resources */ = {isa = PBXBuildFile; fileRef = 5A064BCE264C256300B172BC /* word_blank.png */; };
		5A064BD2264C256300B172BC /* fin.png in Resources */ = {isa = PBXBuildFile; fileRef = 5A064BCF264C256300B172BC /* fin.png */; };
		5A064BD3264C256300B172BC /* title_logo.png in Resources */ = {isa = PBXBuildFile; fileRef = 5A064BD0264C256300B172BC /* title_logo.png */; };
		5A064BD5264C29A200B172BC /* QuestionViewController.swift in Sources */ = {isa = PBXBuildFile; fileRef = 5A064BD4264C29A200B172BC /* QuestionViewController.swift */; };
		5A064BD7264C29AC00B172BC /* FinishViewController.swift in Sources */ = {isa = PBXBuildFile; fileRef = 5A064BD6264C29AC00B172BC /* FinishViewController.swift */; };
		5A064BDB264C29E200B172BC /* AddViewController.swift in Sources */ = {isa = PBXBuildFile; fileRef = 5A064BDA264C29E200B172BC /* AddViewController.swift */; };
		5A064BDD264C2A4600B172BC /* ListTableViewController.swift in Sources */ = {isa = PBXBuildFile; fileRef = 5A064BDC264C2A4600B172BC /* ListTableViewController.swift */; };
		5A064BDF264C36FF00B172BC /* ListTableViewCell.swift in Sources */ = {isa = PBXBuildFile; fileRef = 5A064BDE264C36FF00B172BC /* ListTableViewCell.swift */; };
/* End PBXBuildFile section */

/* Begin PBXContainerItemProxy section */
		5A064BB1264C254200B172BC /* PBXContainerItemProxy */ = {
			isa = PBXContainerItemProxy;
			containerPortal = 5A064B92264C253E00B172BC /* Project object */;
			proxyType = 1;
			remoteGlobalIDString = 5A064B99264C253E00B172BC;
			remoteInfo = WordList;
		};
		5A064BBC264C254200B172BC /* PBXContainerItemProxy */ = {
			isa = PBXContainerItemProxy;
			containerPortal = 5A064B92264C253E00B172BC /* Project object */;
			proxyType = 1;
			remoteGlobalIDString = 5A064B99264C253E00B172BC;
			remoteInfo = WordList;
		};
/* End PBXContainerItemProxy section */

/* Begin PBXFileReference section */
		5A064B9A264C253E00B172BC /* WordList.app */ = {isa = PBXFileReference; explicitFileType = wrapper.application; includeInIndex = 0; path = WordList.app; sourceTree = BUILT_PRODUCTS_DIR; };
		5A064B9D264C253E00B172BC /* AppDelegate.swift */ = {isa = PBXFileReference; lastKnownFileType = sourcecode.swift; path = AppDelegate.swift; sourceTree = "<group>"; };
		5A064B9F264C253E00B172BC /* SceneDelegate.swift */ = {isa = PBXFileReference; lastKnownFileType = sourcecode.swift; path = SceneDelegate.swift; sourceTree = "<group>"; };
		5A064BA1264C253E00B172BC /* ViewController.swift */ = {isa = PBXFileReference; lastKnownFileType = sourcecode.swift; path = ViewController.swift; sourceTree = "<group>"; };
		5A064BA4264C253E00B172BC /* Base */ = {isa = PBXFileReference; lastKnownFileType = file.storyboard; name = Base; path = Base.lproj/Main.storyboard; sourceTree = "<group>"; };
		5A064BA6264C254100B172BC /* Assets.xcassets */ = {isa = PBXFileReference; lastKnownFileType = folder.assetcatalog; path = Assets.xcassets; sourceTree = "<group>"; };
		5A064BA9264C254100B172BC /* Base */ = {isa = PBXFileReference; lastKnownFileType = file.storyboard; name = Base; path = Base.lproj/LaunchScreen.storyboard; sourceTree = "<group>"; };
		5A064BAB264C254100B172BC /* Info.plist */ = {isa = PBXFileReference; lastKnownFileType = text.plist.xml; path = Info.plist; sourceTree = "<group>"; };
		5A064BB0264C254200B172BC /* WordListTests.xctest */ = {isa = PBXFileReference; explicitFileType = wrapper.cfbundle; includeInIndex = 0; path = WordListTests.xctest; sourceTree = BUILT_PRODUCTS_DIR; };
		5A064BB4264C254200B172BC /* WordListTests.swift */ = {isa = PBXFileReference; lastKnownFileType = sourcecode.swift; path = WordListTests.swift; sourceTree = "<group>"; };
		5A064BB6264C254200B172BC /* Info.plist */ = {isa = PBXFileReference; lastKnownFileType = text.plist.xml; path = Info.plist; sourceTree = "<group>"; };
		5A064BBB264C254200B172BC /* WordListUITests.xctest */ = {isa = PBXFileReference; explicitFileType = wrapper.cfbundle; includeInIndex = 0; path = WordListUITests.xctest; sourceTree = BUILT_PRODUCTS_DIR; };
		5A064BBF264C254200B172BC /* WordListUITests.swift */ = {isa = PBXFileReference; lastKnownFileType = sourcecode.swift; path = WordListUITests.swift; sourceTree = "<group>"; };
		5A064BC1264C254200B172BC /* Info.plist */ = {isa = PBXFileReference; lastKnownFileType = text.plist.xml; path = Info.plist; sourceTree = "<group>"; };
		5A064BCE264C256300B172BC /* word_blank.png */ = {isa = PBXFileReference; lastKnownFileType = image.png; path = word_blank.png; sourceTree = "<group>"; };
		5A064BCF264C256300B172BC /* fin.png */ = {isa = PBXFileReference; lastKnownFileType = image.png; path = fin.png; sourceTree = "<group>"; };
		5A064BD0264C256300B172BC /* title_logo.png */ = {isa = PBXFileReference; lastKnownFileType = image.png; path = title_logo.png; sourceTree = "<group>"; };
		5A064BD4264C29A200B172BC /* QuestionViewController.swift */ = {isa = PBXFileReference; lastKnownFileType = sourcecode.swift; path = QuestionViewController.swift; sourceTree = "<group>"; };
		5A064BD6264C29AC00B172BC /* FinishViewController.swift */ = {isa = PBXFileReference; lastKnownFileType = sourcecode.swift; path = FinishViewController.swift; sourceTree = "<group>"; };
		5A064BDA264C29E200B172BC /* AddViewController.swift */ = {isa = PBXFileReference; lastKnownFileType = sourcecode.swift; path = AddViewController.swift; sourceTree = "<group>"; };
		5A064BDC264C2A4600B172BC /* ListTableViewController.swift */ = {isa = PBXFileReference; lastKnownFileType = sourcecode.swift; path = ListTableViewController.swift; sourceTree = "<group>"; };
		5A064BDE264C36FF00B172BC /* ListTableViewCell.swift */ = {isa = PBXFileReference; lastKnownFileType = sourcecode.swift; path = ListTableViewCell.swift; sourceTree = "<group>"; };
/* End PBXFileReference section */

/* Begin PBXFrameworksBuildPhase section */
		5A064B97264C253E00B172BC /* Frameworks */ = {
			isa = PBXFrameworksBuildPhase;
			buildActionMask = 2147483647;
			files = (
			);
			runOnlyForDeploymentPostprocessing = 0;
		};
		5A064BAD264C254200B172BC /* Frameworks */ = {
			isa = PBXFrameworksBuildPhase;
			buildActionMask = 2147483647;
			files = (
			);
			runOnlyForDeploymentPostprocessing = 0;
		};
		5A064BB8264C254200B172BC /* Frameworks */ = {
			isa = PBXFrameworksBuildPhase;
			buildActionMask = 2147483647;
			files = (
			);
			runOnlyForDeploymentPostprocessing = 0;
		};
/* End PBXFrameworksBuildPhase section */

/* Begin PBXGroup section */
		5A064B91264C253E00B172BC = {
			isa = PBXGroup;
			children = (
				5A064B9C264C253E00B172BC /* WordList */,
				5A064BB3264C254200B172BC /* WordListTests */,
				5A064BBE264C254200B172BC /* WordListUITests */,
				5A064B9B264C253E00B172BC /* Products */,
			);
			sourceTree = "<group>";
		};
		5A064B9B264C253E00B172BC /* Products */ = {
			isa = PBXGroup;
			children = (
				5A064B9A264C253E00B172BC /* WordList.app */,
				5A064BB0264C254200B172BC /* WordListTests.xctest */,
				5A064BBB264C254200B172BC /* WordListUITests.xctest */,
			);
			name = Products;
			sourceTree = "<group>";
		};
		5A064B9C264C253E00B172BC /* WordList */ = {
			isa = PBXGroup;
			children = (
				5A064B9D264C253E00B172BC /* AppDelegate.swift */,
				5A064B9F264C253E00B172BC /* SceneDelegate.swift */,
				5A064BA1264C253E00B172BC /* ViewController.swift */,
				5A064BA3264C253E00B172BC /* Main.storyboard */,
				5A064BA6264C254100B172BC /* Assets.xcassets */,
				5A064BA8264C254100B172BC /* LaunchScreen.storyboard */,
				5A064BAB264C254100B172BC /* Info.plist */,
				5A064BCD264C256300B172BC /* WordList素材 */,
				5A064BD4264C29A200B172BC /* QuestionViewController.swift */,
				5A064BD6264C29AC00B172BC /* FinishViewController.swift */,
				5A064BDA264C29E200B172BC /* AddViewController.swift */,
				5A064BDC264C2A4600B172BC /* ListTableViewController.swift */,
				5A064BDE264C36FF00B172BC /* ListTableViewCell.swift */,
			);
			path = WordList;
			sourceTree = "<group>";
		};
		5A064BB3264C254200B172BC /* WordListTests */ = {
			isa = PBXGroup;
			children = (
				5A064BB4264C254200B172BC /* WordListTests.swift */,
				5A064BB6264C254200B172BC /* Info.plist */,
			);
			path = WordListTests;
			sourceTree = "<group>";
		};
		5A064BBE264C254200B172BC /* WordListUITests */ = {
			isa = PBXGroup;
			children = (
				5A064BBF264C254200B172BC /* WordListUITests.swift */,
				5A064BC1264C254200B172BC /* Info.plist */,
			);
			path = WordListUITests;
			sourceTree = "<group>";
		};
		5A064BCD264C256300B172BC /* WordList素材 */ = {
			isa = PBXGroup;
			children = (
				5A064BCE264C256300B172BC /* word_blank.png */,
				5A064BCF264C256300B172BC /* fin.png */,
				5A064BD0264C256300B172BC /* title_logo.png */,
			);
			path = "WordList素材";
			sourceTree = "<group>";
		};
/* End PBXGroup section */

/* Begin PBXNativeTarget section */
		5A064B99264C253E00B172BC /* WordList */ = {
			isa = PBXNativeTarget;
			buildConfigurationList = 5A064BC4264C254200B172BC /* Build configuration list for PBXNativeTarget "WordList" */;
			buildPhases = (
				5A064B96264C253E00B172BC /* Sources */,
				5A064B97264C253E00B172BC /* Frameworks */,
				5A064B98264C253E00B172BC /* Resources */,
			);
			buildRules = (
			);
			dependencies = (
			);
			name = WordList;
			productName = WordList;
			productReference = 5A064B9A264C253E00B172BC /* WordList.app */;
			productType = "com.apple.product-type.application";
		};
		5A064BAF264C254200B172BC /* WordListTests */ = {
			isa = PBXNativeTarget;
			buildConfigurationList = 5A064BC7264C254200B172BC /* Build configuration list for PBXNativeTarget "WordListTests" */;
			buildPhases = (
				5A064BAC264C254200B172BC /* Sources */,
				5A064BAD264C254200B172BC /* Frameworks */,
				5A064BAE264C254200B172BC /* Resources */,
			);
			buildRules = (
			);
			dependencies = (
				5A064BB2264C254200B172BC /* PBXTargetDependency */,
			);
			name = WordListTests;
			productName = WordListTests;
			productReference = 5A064BB0264C254200B172BC /* WordListTests.xctest */;
			productType = "com.apple.product-type.bundle.unit-test";
		};
		5A064BBA264C254200B172BC /* WordListUITests */ = {
			isa = PBXNativeTarget;
			buildConfigurationList = 5A064BCA264C254200B172BC /* Build configuration list for PBXNativeTarget "WordListUITests" */;
			buildPhases = (
				5A064BB7264C254200B172BC /* Sources */,
				5A064BB8264C254200B172BC /* Frameworks */,
				5A064BB9264C254200B172BC /* Resources */,
			);
			buildRules = (
			);
			dependencies = (
				5A064BBD264C254200B172BC /* PBXTargetDependency */,
			);
			name = WordListUITests;
			productName = WordListUITests;
			productReference = 5A064BBB264C254200B172BC /* WordListUITests.xctest */;
			productType = "com.apple.product-type.bundle.ui-testing";
		};
/* End PBXNativeTarget section */

/* Begin PBXProject section */
		5A064B92264C253E00B172BC /* Project object */ = {
			isa = PBXProject;
			attributes = {
				LastSwiftUpdateCheck = 1250;
				LastUpgradeCheck = 1250;
				TargetAttributes = {
					5A064B99264C253E00B172BC = {
						CreatedOnToolsVersion = 12.5;
					};
					5A064BAF264C254200B172BC = {
						CreatedOnToolsVersion = 12.5;
						TestTargetID = 5A064B99264C253E00B172BC;
					};
					5A064BBA264C254200B172BC = {
						CreatedOnToolsVersion = 12.5;
						TestTargetID = 5A064B99264C253E00B172BC;
					};
				};
			};
			buildConfigurationList = 5A064B95264C253E00B172BC /* Build configuration list for PBXProject "WordList" */;
			compatibilityVersion = "Xcode 9.3";
			developmentRegion = en;
			hasScannedForEncodings = 0;
			knownRegions = (
				en,
				Base,
			);
			mainGroup = 5A064B91264C253E00B172BC;
			productRefGroup = 5A064B9B264C253E00B172BC /* Products */;
			projectDirPath = "";
			projectRoot = "";
			targets = (
				5A064B99264C253E00B172BC /* WordList */,
				5A064BAF264C254200B172BC /* WordListTests */,
				5A064BBA264C254200B172BC /* WordListUITests */,
			);
		};
/* End PBXProject section */

/* Begin PBXResourcesBuildPhase section */
		5A064B98264C253E00B172BC /* Resources */ = {
			isa = PBXResourcesBuildPhase;
			buildActionMask = 2147483647;
			files = (
				5A064BD1264C256300B172BC /* word_blank.png in Resources */,
				5A064BD3264C256300B172BC /* title_logo.png in Resources */,
				5A064BAA264C254100B172BC /* LaunchScreen.storyboard in Resources */,
				5A064BA7264C254100B172BC /* Assets.xcassets in Resources */,
				5A064BD2264C256300B172BC /* fin.png in Resources */,
				5A064BA5264C253E00B172BC /* Main.storyboard in Resources */,
			);
			runOnlyForDeploymentPostprocessing = 0;
		};
		5A064BAE264C254200B172BC /* Resources */ = {
			isa = PBXResourcesBuildPhase;
			buildActionMask = 2147483647;
			files = (
			);
			runOnlyForDeploymentPostprocessing = 0;
		};
		5A064BB9264C254200B172BC /* Resources */ = {
			isa = PBXResourcesBuildPhase;
			buildActionMask = 2147483647;
			files = (
			);
			runOnlyForDeploymentPostprocessing = 0;
		};
/* End PBXResourcesBuildPhase section */

/* Begin PBXSourcesBuildPhase section */
		5A064B96264C253E00B172BC /* Sources */ = {
			isa = PBXSourcesBuildPhase;
			buildActionMask = 2147483647;
			files = (
				5A064BD7264C29AC00B172BC /* FinishViewController.swift in Sources */,
				5A064BDF264C36FF00B172BC /* ListTableViewCell.swift in Sources */,
				5A064BA2264C253E00B172BC /* ViewController.swift in Sources */,
				5A064BDB264C29E200B172BC /* AddViewController.swift in Sources */,
				5A064B9E264C253E00B172BC /* AppDelegate.swift in Sources */,
				5A064BD5264C29A200B172BC /* QuestionViewController.swift in Sources */,
				5A064BA0264C253E00B172BC /* SceneDelegate.swift in Sources */,
				5A064BDD264C2A4600B172BC /* ListTableViewController.swift in Sources */,
			);
			runOnlyForDeploymentPostprocessing = 0;
		};
		5A064BAC264C254200B172BC /* Sources */ = {
			isa = PBXSourcesBuildPhase;
			buildActionMask = 2147483647;
			files = (
				5A064BB5264C254200B172BC /* WordListTests.swift in Sources */,
			);
			runOnlyForDeploymentPostprocessing = 0;
		};
		5A064BB7264C254200B172BC /* Sources */ = {
			isa = PBXSourcesBuildPhase;
			buildActionMask = 2147483647;
			files = (
				5A064BC0264C254200B172BC /* WordListUITests.swift in Sources */,
			);
			runOnlyForDeploymentPostprocessing = 0;
		};
/* End PBXSourcesBuildPhase section */

/* Begin PBXTargetDependency section */
		5A064BB2264C254200B172BC /* PBXTargetDependency */ = {
			isa = PBXTargetDependency;
			target = 5A064B99264C253E00B172BC /* WordList */;
			targetProxy = 5A064BB1264C254200B172BC /* PBXContainerItemProxy */;
		};
		5A064BBD264C254200B172BC /* PBXTargetDependency */ = {
			isa = PBXTargetDependency;
			target = 5A064B99264C253E00B172BC /* WordList */;
			targetProxy = 5A064BBC264C254200B172BC /* PBXContainerItemProxy */;
		};
/* End PBXTargetDependency section */

/* Begin PBXVariantGroup section */
		5A064BA3264C253E00B172BC /* Main.storyboard */ = {
			isa = PBXVariantGroup;
			children = (
				5A064BA4264C253E00B172BC /* Base */,
			);
			name = Main.storyboard;
			sourceTree = "<group>";
		};
		5A064BA8264C254100B172BC /* LaunchScreen.storyboard */ = {
			isa = PBXVariantGroup;
			children = (
				5A064BA9264C254100B172BC /* Base */,
			);
			name = LaunchScreen.storyboard;
			sourceTree = "<group>";
		};
/* End PBXVariantGroup section */

/* Begin XCBuildConfiguration section */
		5A064BC2264C254200B172BC /* Debug */ = {
			isa = XCBuildConfiguration;
			buildSettings = {
				ALWAYS_SEARCH_USER_PATHS = NO;
				CLANG_ANALYZER_NONNULL = YES;
				CLANG_ANALYZER_NUMBER_OBJECT_CONVERSION = YES_AGGRESSIVE;
				CLANG_CXX_LANGUAGE_STANDARD = "gnu++14";
				CLANG_CXX_LIBRARY = "libc++";
				CLANG_ENABLE_MODULES = YES;
				CLANG_ENABLE_OBJC_ARC = YES;
				CLANG_ENABLE_OBJC_WEAK = YES;
				CLANG_WARN_BLOCK_CAPTURE_AUTORELEASING = YES;
				CLANG_WARN_BOOL_CONVERSION = YES;
				CLANG_WARN_COMMA = YES;
				CLANG_WARN_CONSTANT_CONVERSION = YES;
				CLANG_WARN_DEPRECATED_OBJC_IMPLEMENTATIONS = YES;
				CLANG_WARN_DIRECT_OBJC_ISA_USAGE = YES_ERROR;
				CLANG_WARN_DOCUMENTATION_COMMENTS = YES;
				CLANG_WARN_EMPTY_BODY = YES;
				CLANG_WARN_ENUM_CONVERSION = YES;
				CLANG_WARN_INFINITE_RECURSION = YES;
				CLANG_WARN_INT_CONVERSION = YES;
				CLANG_WARN_NON_LITERAL_NULL_CONVERSION = YES;
				CLANG_WARN_OBJC_IMPLICIT_RETAIN_SELF = YES;
				CLANG_WARN_OBJC_LITERAL_CONVERSION = YES;
				CLANG_WARN_OBJC_ROOT_CLASS = YES_ERROR;
				CLANG_WARN_QUOTED_INCLUDE_IN_FRAMEWORK_HEADER = YES;
				CLANG_WARN_RANGE_LOOP_ANALYSIS = YES;
				CLANG_WARN_STRICT_PROTOTYPES = YES;
				CLANG_WARN_SUSPICIOUS_MOVE = YES;
				CLANG_WARN_UNGUARDED_AVAILABILITY = YES_AGGRESSIVE;
				CLANG_WARN_UNREACHABLE_CODE = YES;
				CLANG_WARN__DUPLICATE_METHOD_MATCH = YES;
				COPY_PHASE_STRIP = NO;
				DEBUG_INFORMATION_FORMAT = dwarf;
				ENABLE_STRICT_OBJC_MSGSEND = YES;
				ENABLE_TESTABILITY = YES;
				GCC_C_LANGUAGE_STANDARD = gnu11;
				GCC_DYNAMIC_NO_PIC = NO;
				GCC_NO_COMMON_BLOCKS = YES;
				GCC_OPTIMIZATION_LEVEL = 0;
				GCC_PREPROCESSOR_DEFINITIONS = (
					"DEBUG=1",
					"$(inherited)",
				);
				GCC_WARN_64_TO_32_BIT_CONVERSION = YES;
				GCC_WARN_ABOUT_RETURN_TYPE = YES_ERROR;
				GCC_WARN_UNDECLARED_SELECTOR = YES;
				GCC_WARN_UNINITIALIZED_AUTOS = YES_AGGRESSIVE;
				GCC_WARN_UNUSED_FUNCTION = YES;
				GCC_WARN_UNUSED_VARIABLE = YES;
				IPHONEOS_DEPLOYMENT_TARGET = 14.5;
				MTL_ENABLE_DEBUG_INFO = INCLUDE_SOURCE;
				MTL_FAST_MATH = YES;
				ONLY_ACTIVE_ARCH = YES;
				SDKROOT = iphoneos;
				SWIFT_ACTIVE_COMPILATION_CONDITIONS = DEBUG;
				SWIFT_OPTIMIZATION_LEVEL = "-Onone";
			};
			name = Debug;
		};
		5A064BC3264C254200B172BC /* Release */ = {
			isa = XCBuildConfiguration;
			buildSettings = {
				ALWAYS_SEARCH_USER_PATHS = NO;
				CLANG_ANALYZER_NONNULL = YES;
				CLANG_ANALYZER_NUMBER_OBJECT_CONVERSION = YES_AGGRESSIVE;
				CLANG_CXX_LANGUAGE_STANDARD = "gnu++14";
				CLANG_CXX_LIBRARY = "libc++";
				CLANG_ENABLE_MODULES = YES;
				CLANG_ENABLE_OBJC_ARC = YES;
				CLANG_ENABLE_OBJC_WEAK = YES;
				CLANG_WARN_BLOCK_CAPTURE_AUTORELEASING = YES;
				CLANG_WARN_BOOL_CONVERSION = YES;
				CLANG_WARN_COMMA = YES;
				CLANG_WARN_CONSTANT_CONVERSION = YES;
				CLANG_WARN_DEPRECATED_OBJC_IMPLEMENTATIONS = YES;
				CLANG_WARN_DIRECT_OBJC_ISA_USAGE = YES_ERROR;
				CLANG_WARN_DOCUMENTATION_COMMENTS = YES;
				CLANG_WARN_EMPTY_BODY = YES;
				CLANG_WARN_ENUM_CONVERSION = YES;
				CLANG_WARN_INFINITE_RECURSION = YES;
				CLANG_WARN_INT_CONVERSION = YES;
				CLANG_WARN_NON_LITERAL_NULL_CONVERSION = YES;
				CLANG_WARN_OBJC_IMPLICIT_RETAIN_SELF = YES;
				CLANG_WARN_OBJC_LITERAL_CONVERSION = YES;
				CLANG_WARN_OBJC_ROOT_CLASS = YES_ERROR;
				CLANG_WARN_QUOTED_INCLUDE_IN_FRAMEWORK_HEADER = YES;
				CLANG_WARN_RANGE_LOOP_ANALYSIS = YES;
				CLANG_WARN_STRICT_PROTOTYPES = YES;
				CLANG_WARN_SUSPICIOUS_MOVE = YES;
				CLANG_WARN_UNGUARDED_AVAILABILITY = YES_AGGRESSIVE;
				CLANG_WARN_UNREACHABLE_CODE = YES;
				CLANG_WARN__DUPLICATE_METHOD_MATCH = YES;
				COPY_PHASE_STRIP = NO;
				DEBUG_INFORMATION_FORMAT = "dwarf-with-dsym";
				ENABLE_NS_ASSERTIONS = NO;
				ENABLE_STRICT_OBJC_MSGSEND = YES;
				GCC_C_LANGUAGE_STANDARD = gnu11;
				GCC_NO_COMMON_BLOCKS = YES;
				GCC_WARN_64_TO_32_BIT_CONVERSION = YES;
				GCC_WARN_ABOUT_RETURN_TYPE = YES_ERROR;
				GCC_WARN_UNDECLARED_SELECTOR = YES;
				GCC_WARN_UNINITIALIZED_AUTOS = YES_AGGRESSIVE;
				GCC_WARN_UNUSED_FUNCTION = YES;
				GCC_WARN_UNUSED_VARIABLE = YES;
				IPHONEOS_DEPLOYMENT_TARGET = 14.5;
				MTL_ENABLE_DEBUG_INFO = NO;
				MTL_FAST_MATH = YES;
				SDKROOT = iphoneos;
				SWIFT_COMPILATION_MODE = wholemodule;
				SWIFT_OPTIMIZATION_LEVEL = "-O";
				VALIDATE_PRODUCT = YES;
			};
			name = Release;
		};
		5A064BC5264C254200B172BC /* Debug */ = {
			isa = XCBuildConfiguration;
			buildSettings = {
				ASSETCATALOG_COMPILER_APPICON_NAME = AppIcon;
				ASSETCATALOG_COMPILER_GLOBAL_ACCENT_COLOR_NAME = AccentColor;
				CODE_SIGN_STYLE = Automatic;
				DEVELOPMENT_TEAM = NKCRP99VAX;
				INFOPLIST_FILE = WordList/Info.plist;
				LD_RUNPATH_SEARCH_PATHS = (
					"$(inherited)",
					"@executable_path/Frameworks",
				);
				PRODUCT_BUNDLE_IDENTIFIER = com.yanagisawa.ryukiringo.WordList;
				PRODUCT_NAME = "$(TARGET_NAME)";
				SWIFT_VERSION = 5.0;
				TARGETED_DEVICE_FAMILY = "1,2";
			};
			name = Debug;
		};
		5A064BC6264C254200B172BC /* Release */ = {
			isa = XCBuildConfiguration;
			buildSettings = {
				ASSETCATALOG_COMPILER_APPICON_NAME = AppIcon;
				ASSETCATALOG_COMPILER_GLOBAL_ACCENT_COLOR_NAME = AccentColor;
				CODE_SIGN_STYLE = Automatic;
				DEVELOPMENT_TEAM = NKCRP99VAX;
				INFOPLIST_FILE = WordList/Info.plist;
				LD_RUNPATH_SEARCH_PATHS = (
					"$(inherited)",
					"@executable_path/Frameworks",
				);
				PRODUCT_BUNDLE_IDENTIFIER = com.yanagisawa.ryukiringo.WordList;
				PRODUCT_NAME = "$(TARGET_NAME)";
				SWIFT_VERSION = 5.0;
				TARGETED_DEVICE_FAMILY = "1,2";
			};
			name = Release;
		};
		5A064BC8264C254200B172BC /* Debug */ = {
			isa = XCBuildConfiguration;
			buildSettings = {
				ALWAYS_EMBED_SWIFT_STANDARD_LIBRARIES = YES;
				BUNDLE_LOADER = "$(TEST_HOST)";
				CODE_SIGN_STYLE = Automatic;
				DEVELOPMENT_TEAM = NKCRP99VAX;
				INFOPLIST_FILE = WordListTests/Info.plist;
				IPHONEOS_DEPLOYMENT_TARGET = 14.5;
				LD_RUNPATH_SEARCH_PATHS = (
					"$(inherited)",
					"@executable_path/Frameworks",
					"@loader_path/Frameworks",
				);
				PRODUCT_BUNDLE_IDENTIFIER = com.yanagisawa.ryukiringo.WordListTests;
				PRODUCT_NAME = "$(TARGET_NAME)";
				SWIFT_VERSION = 5.0;
				TARGETED_DEVICE_FAMILY = "1,2";
				TEST_HOST = "$(BUILT_PRODUCTS_DIR)/WordList.app/WordList";
			};
			name = Debug;
		};
		5A064BC9264C254200B172BC /* Release */ = {
			isa = XCBuildConfiguration;
			buildSettings = {
				ALWAYS_EMBED_SWIFT_STANDARD_LIBRARIES = YES;
				BUNDLE_LOADER = "$(TEST_HOST)";
				CODE_SIGN_STYLE = Automatic;
				DEVELOPMENT_TEAM = NKCRP99VAX;
				INFOPLIST_FILE = WordListTests/Info.plist;
				IPHONEOS_DEPLOYMENT_TARGET = 14.5;
				LD_RUNPATH_SEARCH_PATHS = (
					"$(inherited)",
					"@executable_path/Frameworks",
					"@loader_path/Frameworks",
				);
				PRODUCT_BUNDLE_IDENTIFIER = com.yanagisawa.ryukiringo.WordListTests;
				PRODUCT_NAME = "$(TARGET_NAME)";
				SWIFT_VERSION = 5.0;
				TARGETED_DEVICE_FAMILY = "1,2";
				TEST_HOST = "$(BUILT_PRODUCTS_DIR)/WordList.app/WordList";
			};
			name = Release;
		};
		5A064BCB264C254200B172BC /* Debug */ = {
			isa = XCBuildConfiguration;
			buildSettings = {
				ALWAYS_EMBED_SWIFT_STANDARD_LIBRARIES = YES;
				CODE_SIGN_STYLE = Automatic;
				DEVELOPMENT_TEAM = NKCRP99VAX;
				INFOPLIST_FILE = WordListUITests/Info.plist;
				LD_RUNPATH_SEARCH_PATHS = (
					"$(inherited)",
					"@executable_path/Frameworks",
					"@loader_path/Frameworks",
				);
				PRODUCT_BUNDLE_IDENTIFIER = com.yanagisawa.ryukiringo.WordListUITests;
				PRODUCT_NAME = "$(TARGET_NAME)";
				SWIFT_VERSION = 5.0;
				TARGETED_DEVICE_FAMILY = "1,2";
				TEST_TARGET_NAME = WordList;
			};
			name = Debug;
		};
		5A064BCC264C254200B172BC /* Release */ = {
			isa = XCBuildConfiguration;
			buildSettings = {
				ALWAYS_EMBED_SWIFT_STANDARD_LIBRARIES = YES;
				CODE_SIGN_STYLE = Automatic;
				DEVELOPMENT_TEAM = NKCRP99VAX;
				INFOPLIST_FILE = WordListUITests/Info.plist;
				LD_RUNPATH_SEARCH_PATHS = (
					"$(inherited)",
					"@executable_path/Frameworks",
					"@loader_path/Frameworks",
				);
				PRODUCT_BUNDLE_IDENTIFIER = com.yanagisawa.ryukiringo.WordListUITests;
				PRODUCT_NAME = "$(TARGET_NAME)";
				SWIFT_VERSION = 5.0;
				TARGETED_DEVICE_FAMILY = "1,2";
				TEST_TARGET_NAME = WordList;
			};
			name = Release;
		};
/* End XCBuildConfiguration section */

/* Begin XCConfigurationList section */
		5A064B95264C253E00B172BC /* Build configuration list for PBXProject "WordList" */ = {
			isa = XCConfigurationList;
			buildConfigurations = (
				5A064BC2264C254200B172BC /* Debug */,
				5A064BC3264C254200B172BC /* Release */,
			);
			defaultConfigurationIsVisible = 0;
			defaultConfigurationName = Release;
		};
		5A064BC4264C254200B172BC /* Build configuration list for PBXNativeTarget "WordList" */ = {
			isa = XCConfigurationList;
			buildConfigurations = (
				5A064BC5264C254200B172BC /* Debug */,
				5A064BC6264C254200B172BC /* Release */,
			);
			defaultConfigurationIsVisible = 0;
			defaultConfigurationName = Release;
		};
		5A064BC7264C254200B172BC /* Build configuration list for PBXNativeTarget "WordListTests" */ = {
			isa = XCConfigurationList;
			buildConfigurations = (
				5A064BC8264C254200B172BC /* Debug */,
				5A064BC9264C254200B172BC /* Release */,
			);
			defaultConfigurationIsVisible = 0;
			defaultConfigurationName = Release;
		};
		5A064BCA264C254200B172BC /* Build configuration list for PBXNativeTarget "WordListUITests" */ = {
			isa = XCConfigurationList;
			buildConfigurations = (
				5A064BCB264C254200B172BC /* Debug */,
				5A064BCC264C254200B172BC /* Release */,
			);
			defaultConfigurationIsVisible = 0;
			defaultConfigurationName = Release;
		};
/* End XCConfigurationList section */
	};
	rootObject = 5A064B92264C253E00B172BC /* Project object */;
}
